PODS:
  - AMPopTip (1.7.2)
  - CocoaLumberjack (2.2.0):
    - CocoaLumberjack/Default (= 2.2.0)
    - CocoaLumberjack/Extensions (= 2.2.0)
  - CocoaLumberjack/Core (2.2.0)
  - CocoaLumberjack/Default (2.2.0):
    - CocoaLumberjack/Core
  - CocoaLumberjack/Extensions (2.2.0):
    - CocoaLumberjack/Default
  - FrameAccessor (2.0)
  - iOS-WebP (0.4):
    - libwebp (~> 0.4.2)
  - libwebp (0.4.3):
    - libwebp/core (= 0.4.3)
    - libwebp/dec (= 0.4.3)
    - libwebp/demux (= 0.4.3)
    - libwebp/dsp (= 0.4.3)
    - libwebp/enc (= 0.4.3)
    - libwebp/mux (= 0.4.3)
    - libwebp/utils (= 0.4.3)
    - libwebp/webp (= 0.4.3)
  - libwebp/core (0.4.3):
    - libwebp/webp
  - libwebp/dec (0.4.3):
    - libwebp/core
  - libwebp/demux (0.4.3):
    - libwebp/core
  - libwebp/dsp (0.4.3):
    - libwebp/core
  - libwebp/enc (0.4.3):
    - libwebp/core
  - libwebp/mux (0.4.3):
    - libwebp/core
  - libwebp/utils (0.4.3):
    - libwebp/core
  - libwebp/webp (0.4.3)
  - NBULog (1.2.4):
    - CocoaLumberjack (>= 2.0.0)
  - NBULogStub (0.1.2)
  - NNProfiler (1.1.1):
    - NBULogStub
  - NNSprite (0.5.1)
  - NNUtils (1.37.1):
    - AMPopTip
    - NNProfiler
    - NNSprite
    - NSDate-Escort
  - NSDate-Escort (1.6.0)

DEPENDENCIES:
  - FrameAccessor
  - iOS-WebP
  - NBULog
  - NNUtils (from `../`)

EXTERNAL SOURCES:
  NNUtils:
    :path: ../

SPEC CHECKSUMS:
  AMPopTip: c59bb65d9fd230f0dceb5fbb5c92560b649f0195
  CocoaLumberjack: 17fe8581f84914d5d7e6360f7c70022b173c3ae0
  FrameAccessor: 443a13e58e23a10ff22180da0897b28c3f6abf66
  iOS-WebP: 436d3c506b7587bdef926d1d1c76f8dbf3905edc
  libwebp: 360ed8bc4ec8da413f07f84071e7f5a5c67a285d
  NBULog: 4003be6706b97a7e376ab4171c666ac7c2fbc2b2
  NBULogStub: 398fa3535e3b368d6f1cb3b32c2ac0cb81cf350c
  NNProfiler: e2abbda27cd623b19848fa21d3c4e24732c9b648
  NNSprite: 5afb965714210a812394b76b20e94fb902d14db3
  NNUtils: 3b468e3abcb912ed3d412fd00a5d5bacdc1e5007
  NSDate-Escort: 4408eb8c3f146a271686e7e428b269e27b3d1265

COCOAPODS: 0.38.2
